
Microsoft Visual Studio Solution File, Format Version 12.00
# Visual Studio Version 16
VisualStudioVersion = 16.0.29509.3
MinimumVisualStudioVersion = 10.0.40219.1
Project("{FAE04EC0-301F-11D3-BF4B-00C04F79EFBC}") = "test cancel", "test cancel.csproj", "{994FF76C-7AC7-4C23-A472-30DE0AF75342}"
EndProject
Global
	GlobalSection(SolutionConfigurationPlatforms) = preSolution
		Debug|Any CPU = Debug|Any CPU
		Release|Any CPU = Release|Any CPU
	EndGlobalSection
	GlobalSection(ProjectConfigurationPlatforms) = postSolution
		{994FF76C-7AC7-4C23-A472-30DE0AF75342}.Debug|Any CPU.ActiveCfg = Debug|Any CPU
		{994FF76C-7AC7-4C23-A472-30DE0AF75342}.Debug|Any CPU.Build.0 = Debug|Any CPU
		{994FF76C-7AC7-4C23-A472-30DE0AF75342}.Release|Any CPU.ActiveCfg = Release|Any CPU
		{994FF76C-7AC7-4C23-A472-30DE0AF75342}.Release|Any CPU.Build.0 = Release|Any CPU
	EndGlobalSection
	GlobalSection(SolutionProperties) = preSolution
		HideSolutionNode = FALSE
	EndGlobalSection
	GlobalSection(ExtensibilityGlobals) = postSolution
		SolutionGuid = {14B9D383-9BE8-4E79-A855-ECBEC9AE3F1F}
	EndGlobalSection
EndGlobal
