
Microsoft Visual Studio Solution File, Format Version 12.00
# Visual Studio Version 16
VisualStudioVersion = 16.0.29509.3
MinimumVisualStudioVersion = 10.0.40219.1
Project("{FAE04EC0-301F-11D3-BF4B-00C04F79EFBC}") = "Обобщенный тип", "Обобщенный тип.csproj", "{F493FD60-240D-49C5-871D-CAA24E3DDAAA}"
EndProject
Global
	GlobalSection(SolutionConfigurationPlatforms) = preSolution
		Debug|Any CPU = Debug|Any CPU
		Release|Any CPU = Release|Any CPU
	EndGlobalSection
	GlobalSection(ProjectConfigurationPlatforms) = postSolution
		{F493FD60-240D-49C5-871D-CAA24E3DDAAA}.Debug|Any CPU.ActiveCfg = Debug|Any CPU
		{F493FD60-240D-49C5-871D-CAA24E3DDAAA}.Debug|Any CPU.Build.0 = Debug|Any CPU
		{F493FD60-240D-49C5-871D-CAA24E3DDAAA}.Release|Any CPU.ActiveCfg = Release|Any CPU
		{F493FD60-240D-49C5-871D-CAA24E3DDAAA}.Release|Any CPU.Build.0 = Release|Any CPU
	EndGlobalSection
	GlobalSection(SolutionProperties) = preSolution
		HideSolutionNode = FALSE
	EndGlobalSection
	GlobalSection(ExtensibilityGlobals) = postSolution
		SolutionGuid = {F61D7E76-1441-401A-900D-5E5878B3CB1B}
	EndGlobalSection
EndGlobal
