
Microsoft Visual Studio Solution File, Format Version 12.00
# Visual Studio Version 16
VisualStudioVersion = 16.0.29509.3
MinimumVisualStudioVersion = 10.0.40219.1
Project("{FAE04EC0-301F-11D3-BF4B-00C04F79EFBC}") = "Потоки 2", "Потоки 2.csproj", "{F53DFA4D-9394-49DE-AAE0-3B872DCFCBE9}"
EndProject
Global
	GlobalSection(SolutionConfigurationPlatforms) = preSolution
		Debug|Any CPU = Debug|Any CPU
		Release|Any CPU = Release|Any CPU
	EndGlobalSection
	GlobalSection(ProjectConfigurationPlatforms) = postSolution
		{F53DFA4D-9394-49DE-AAE0-3B872DCFCBE9}.Debug|Any CPU.ActiveCfg = Debug|Any CPU
		{F53DFA4D-9394-49DE-AAE0-3B872DCFCBE9}.Debug|Any CPU.Build.0 = Debug|Any CPU
		{F53DFA4D-9394-49DE-AAE0-3B872DCFCBE9}.Release|Any CPU.ActiveCfg = Release|Any CPU
		{F53DFA4D-9394-49DE-AAE0-3B872DCFCBE9}.Release|Any CPU.Build.0 = Release|Any CPU
	EndGlobalSection
	GlobalSection(SolutionProperties) = preSolution
		HideSolutionNode = FALSE
	EndGlobalSection
	GlobalSection(ExtensibilityGlobals) = postSolution
		SolutionGuid = {565BF9AC-407E-4098-90DC-F34EEE0525A1}
	EndGlobalSection
EndGlobal
